
Microsoft Visual Studio Solution File, Format Version 12.00
# Visual Studio Version 17
VisualStudioVersion = 17.0.31903.59
MinimumVisualStudioVersion = 10.0.40219.1
Project("{2150E333-8FDC-42A3-9474-1A3956D46DE8}") = "src", "src", "{827E0CD3-B72D-47B6-A68D-7590B98EB39B}"
EndProject
Project("{2150E333-8FDC-42A3-9474-1A3956D46DE8}") = "common", "common", "{BFF2DF6E-AA54-47C7-211F-79ACCBB4577C}"
EndProject
Project("{FAE04EC0-301F-11D3-BF4B-00C04F79EFBC}") = "MiniCoreLib", "src\common\MiniCoreLib\MiniCoreLib.csproj", "{480D9DDF-8870-4EAC-84F9-CCA36BAB8C2A}"
EndProject
Project("{FAE04EC0-301F-11D3-BF4B-00C04F79EFBC}") = "Microkernel.Abstractions", "src\common\Microkernel.Abstractions\Microkernel.Abstractions.csproj", "{C2826DA2-F83B-4384-8FD6-6199740EC769}"
EndProject
Project("{FAE04EC0-301F-11D3-BF4B-00C04F79EFBC}") = "Microkernel.RpcGenerator", "src\compiler-plugins\Microkernel.RpcGenerator\Microkernel.RpcGenerator.csproj", "{D269EBCD-CE99-4ED9-AF06-FAFFE27E0229}"
EndProject
Project("{FAE04EC0-301F-11D3-BF4B-00C04F79EFBC}") = "Userland.Runtime.ZeroAlloc", "src\runtime\Userland.Runtime.ZeroAlloc\Userland.Runtime.ZeroAlloc.csproj", "{2ED157D0-EFD4-448A-AC3E-40DB64E177F3}"
EndProject
Project("{FAE04EC0-301F-11D3-BF4B-00C04F79EFBC}") = "Userland.Runtime.Gc", "src\runtime\Userland.Runtime.Gc\Userland.Runtime.Gc.csproj", "{E6E9BA5A-81EF-4ADB-83F3-16F7E0663230}"
EndProject
Project("{FAE04EC0-301F-11D3-BF4B-00C04F79EFBC}") = "Userland.PieLoader", "src\runtime\Userland.PieLoader\Userland.PieLoader.csproj", "{A6CB4B95-BB9C-471A-9A85-B80A0A16822B}"
EndProject
Project("{FAE04EC0-301F-11D3-BF4B-00C04F79EFBC}") = "roottask", "src\servers\roottask\roottask.csproj", "{478341EC-6507-496E-8C3E-E163DBD7DE11}"
EndProject
Project("{FAE04EC0-301F-11D3-BF4B-00C04F79EFBC}") = "pci_server", "src\servers\pci_server\pci_server.csproj", "{3A8AE3C7-FD62-45E2-8255-8C7011C2006C}"
EndProject
Project("{FAE04EC0-301F-11D3-BF4B-00C04F79EFBC}") = "display_server", "src\servers\display_server\display_server.csproj", "{087B0B49-AEB4-4B08-816A-7DC8EB93437A}"
EndProject
Project("{FAE04EC0-301F-11D3-BF4B-00C04F79EFBC}") = "supervisor", "src\servers\supervisor\supervisor.csproj", "{E0A527EF-5B58-40FB-83A2-B1C7962ECA58}"
EndProject
Project("{FAE04EC0-301F-11D3-BF4B-00C04F79EFBC}") = "Microkernel.Drawing", "src\libs\Microkernel.Drawing\Microkernel.Drawing.csproj", "{4D66A9AB-CECE-4CDA-A451-B6A04F46C62A}"
EndProject
Project("{FAE04EC0-301F-11D3-BF4B-00C04F79EFBC}") = "storage.nvme", "src\servers\drivers\storage.nvme\storage.nvme.csproj", "{F1EB3DF1-8CE7-4C61-9EB0-7B3495D46EA5}"
EndProject
Project("{FAE04EC0-301F-11D3-BF4B-00C04F79EFBC}") = "input.hid", "src\servers\drivers\input.hid\input.hid.csproj", "{191F7755-089A-4983-AFCC-2F313A6A7A14}"
EndProject
Project("{FAE04EC0-301F-11D3-BF4B-00C04F79EFBC}") = "net.virtio", "src\servers\drivers\net.virtio\net.virtio.csproj", "{A942D69D-29E2-469E-AD6C-DB39FC88FF04}"
EndProject
Project("{FAE04EC0-301F-11D3-BF4B-00C04F79EFBC}") = "fs.fat32", "src\servers\fs.fat32\fs.fat32.csproj", "{50308AA9-EC45-4580-A4E3-B1FE36FF5459}"
EndProject
Project("{FAE04EC0-301F-11D3-BF4B-00C04F79EFBC}") = "Microkernel.Vfs", "src\common\Microkernel.Vfs\Microkernel.Vfs.csproj", "{2741CC27-488B-495B-8F3D-530594CE9BB7}"
EndProject
Project("{FAE04EC0-301F-11D3-BF4B-00C04F79EFBC}") = "shell", "src\apps\shell\shell.csproj", "{57575ED4-E062-43D6-A12A-C987587DFCCA}"
EndProject
Project("{FAE04EC0-301F-11D3-BF4B-00C04F79EFBC}") = "Kernel", "src\kernel\Kernel.csproj", "{DA0DE366-17F7-4BA4-B956-D7D1A3128794}"
EndProject
Project("{2150E333-8FDC-42A3-9474-1A3956D46DE8}") = "runtime", "runtime", "{09108480-725A-3CF3-E626-E2F33F0A58E4}"
EndProject
Global
	GlobalSection(SolutionConfigurationPlatforms) = preSolution
		Debug|Any CPU = Debug|Any CPU
		Debug|x64 = Debug|x64
		Debug|x86 = Debug|x86
		Release|Any CPU = Release|Any CPU
		Release|x64 = Release|x64
		Release|x86 = Release|x86
	EndGlobalSection
	GlobalSection(ProjectConfigurationPlatforms) = postSolution
		{480D9DDF-8870-4EAC-84F9-CCA36BAB8C2A}.Debug|Any CPU.ActiveCfg = Debug|Any CPU
		{480D9DDF-8870-4EAC-84F9-CCA36BAB8C2A}.Debug|Any CPU.Build.0 = Debug|Any CPU
		{480D9DDF-8870-4EAC-84F9-CCA36BAB8C2A}.Debug|x64.ActiveCfg = Debug|Any CPU
		{480D9DDF-8870-4EAC-84F9-CCA36BAB8C2A}.Debug|x64.Build.0 = Debug|Any CPU
		{480D9DDF-8870-4EAC-84F9-CCA36BAB8C2A}.Debug|x86.ActiveCfg = Debug|Any CPU
		{480D9DDF-8870-4EAC-84F9-CCA36BAB8C2A}.Debug|x86.Build.0 = Debug|Any CPU
		{480D9DDF-8870-4EAC-84F9-CCA36BAB8C2A}.Release|Any CPU.ActiveCfg = Release|Any CPU
		{480D9DDF-8870-4EAC-84F9-CCA36BAB8C2A}.Release|Any CPU.Build.0 = Release|Any CPU
		{480D9DDF-8870-4EAC-84F9-CCA36BAB8C2A}.Release|x64.ActiveCfg = Release|Any CPU
		{480D9DDF-8870-4EAC-84F9-CCA36BAB8C2A}.Release|x64.Build.0 = Release|Any CPU
		{480D9DDF-8870-4EAC-84F9-CCA36BAB8C2A}.Release|x86.ActiveCfg = Release|Any CPU
		{480D9DDF-8870-4EAC-84F9-CCA36BAB8C2A}.Release|x86.Build.0 = Release|Any CPU
		{C2826DA2-F83B-4384-8FD6-6199740EC769}.Debug|Any CPU.ActiveCfg = Debug|Any CPU
		{C2826DA2-F83B-4384-8FD6-6199740EC769}.Debug|Any CPU.Build.0 = Debug|Any CPU
		{C2826DA2-F83B-4384-8FD6-6199740EC769}.Debug|x64.ActiveCfg = Debug|Any CPU
		{C2826DA2-F83B-4384-8FD6-6199740EC769}.Debug|x64.Build.0 = Debug|Any CPU
		{C2826DA2-F83B-4384-8FD6-6199740EC769}.Debug|x86.ActiveCfg = Debug|Any CPU
		{C2826DA2-F83B-4384-8FD6-6199740EC769}.Debug|x86.Build.0 = Debug|Any CPU
		{C2826DA2-F83B-4384-8FD6-6199740EC769}.Release|Any CPU.ActiveCfg = Release|Any CPU
		{C2826DA2-F83B-4384-8FD6-6199740EC769}.Release|Any CPU.Build.0 = Release|Any CPU
		{C2826DA2-F83B-4384-8FD6-6199740EC769}.Release|x64.ActiveCfg = Release|Any CPU
		{C2826DA2-F83B-4384-8FD6-6199740EC769}.Release|x64.Build.0 = Release|Any CPU
		{C2826DA2-F83B-4384-8FD6-6199740EC769}.Release|x86.ActiveCfg = Release|Any CPU
		{C2826DA2-F83B-4384-8FD6-6199740EC769}.Release|x86.Build.0 = Release|Any CPU
		{D269EBCD-CE99-4ED9-AF06-FAFFE27E0229}.Debug|Any CPU.ActiveCfg = Debug|Any CPU
		{D269EBCD-CE99-4ED9-AF06-FAFFE27E0229}.Debug|Any CPU.Build.0 = Debug|Any CPU
		{D269EBCD-CE99-4ED9-AF06-FAFFE27E0229}.Debug|x64.ActiveCfg = Debug|Any CPU
		{D269EBCD-CE99-4ED9-AF06-FAFFE27E0229}.Debug|x64.Build.0 = Debug|Any CPU
		{D269EBCD-CE99-4ED9-AF06-FAFFE27E0229}.Debug|x86.ActiveCfg = Debug|Any CPU
		{D269EBCD-CE99-4ED9-AF06-FAFFE27E0229}.Debug|x86.Build.0 = Debug|Any CPU
		{D269EBCD-CE99-4ED9-AF06-FAFFE27E0229}.Release|Any CPU.ActiveCfg = Release|Any CPU
		{D269EBCD-CE99-4ED9-AF06-FAFFE27E0229}.Release|Any CPU.Build.0 = Release|Any CPU
		{D269EBCD-CE99-4ED9-AF06-FAFFE27E0229}.Release|x64.ActiveCfg = Release|Any CPU
		{D269EBCD-CE99-4ED9-AF06-FAFFE27E0229}.Release|x64.Build.0 = Release|Any CPU
		{D269EBCD-CE99-4ED9-AF06-FAFFE27E0229}.Release|x86.ActiveCfg = Release|Any CPU
		{D269EBCD-CE99-4ED9-AF06-FAFFE27E0229}.Release|x86.Build.0 = Release|Any CPU
		{2ED157D0-EFD4-448A-AC3E-40DB64E177F3}.Debug|Any CPU.ActiveCfg = Debug|Any CPU
		{2ED157D0-EFD4-448A-AC3E-40DB64E177F3}.Debug|Any CPU.Build.0 = Debug|Any CPU
		{2ED157D0-EFD4-448A-AC3E-40DB64E177F3}.Debug|x64.ActiveCfg = Debug|Any CPU
		{2ED157D0-EFD4-448A-AC3E-40DB64E177F3}.Debug|x64.Build.0 = Debug|Any CPU
		{2ED157D0-EFD4-448A-AC3E-40DB64E177F3}.Debug|x86.ActiveCfg = Debug|Any CPU
		{2ED157D0-EFD4-448A-AC3E-40DB64E177F3}.Debug|x86.Build.0 = Debug|Any CPU
		{2ED157D0-EFD4-448A-AC3E-40DB64E177F3}.Release|Any CPU.ActiveCfg = Release|Any CPU
		{2ED157D0-EFD4-448A-AC3E-40DB64E177F3}.Release|Any CPU.Build.0 = Release|Any CPU
		{2ED157D0-EFD4-448A-AC3E-40DB64E177F3}.Release|x64.ActiveCfg = Release|Any CPU
		{2ED157D0-EFD4-448A-AC3E-40DB64E177F3}.Release|x64.Build.0 = Release|Any CPU
		{2ED157D0-EFD4-448A-AC3E-40DB64E177F3}.Release|x86.ActiveCfg = Release|Any CPU
		{2ED157D0-EFD4-448A-AC3E-40DB64E177F3}.Release|x86.Build.0 = Release|Any CPU
		{E6E9BA5A-81EF-4ADB-83F3-16F7E0663230}.Debug|Any CPU.ActiveCfg = Debug|Any CPU
		{E6E9BA5A-81EF-4ADB-83F3-16F7E0663230}.Debug|Any CPU.Build.0 = Debug|Any CPU
		{E6E9BA5A-81EF-4ADB-83F3-16F7E0663230}.Debug|x64.ActiveCfg = Debug|Any CPU
		{E6E9BA5A-81EF-4ADB-83F3-16F7E0663230}.Debug|x64.Build.0 = Debug|Any CPU
		{E6E9BA5A-81EF-4ADB-83F3-16F7E0663230}.Debug|x86.ActiveCfg = Debug|Any CPU
		{E6E9BA5A-81EF-4ADB-83F3-16F7E0663230}.Debug|x86.Build.0 = Debug|Any CPU
		{E6E9BA5A-81EF-4ADB-83F3-16F7E0663230}.Release|Any CPU.ActiveCfg = Release|Any CPU
		{E6E9BA5A-81EF-4ADB-83F3-16F7E0663230}.Release|Any CPU.Build.0 = Release|Any CPU
		{E6E9BA5A-81EF-4ADB-83F3-16F7E0663230}.Release|x64.ActiveCfg = Release|Any CPU
		{E6E9BA5A-81EF-4ADB-83F3-16F7E0663230}.Release|x64.Build.0 = Release|Any CPU
		{E6E9BA5A-81EF-4ADB-83F3-16F7E0663230}.Release|x86.ActiveCfg = Release|Any CPU
		{E6E9BA5A-81EF-4ADB-83F3-16F7E0663230}.Release|x86.Build.0 = Release|Any CPU
		{A6CB4B95-BB9C-471A-9A85-B80A0A16822B}.Debug|Any CPU.ActiveCfg = Debug|Any CPU
		{A6CB4B95-BB9C-471A-9A85-B80A0A16822B}.Debug|Any CPU.Build.0 = Debug|Any CPU
		{A6CB4B95-BB9C-471A-9A85-B80A0A16822B}.Debug|x64.ActiveCfg = Debug|Any CPU
		{A6CB4B95-BB9C-471A-9A85-B80A0A16822B}.Debug|x64.Build.0 = Debug|Any CPU
		{A6CB4B95-BB9C-471A-9A85-B80A0A16822B}.Debug|x86.ActiveCfg = Debug|Any CPU
		{A6CB4B95-BB9C-471A-9A85-B80A0A16822B}.Debug|x86.Build.0 = Debug|Any CPU
		{A6CB4B95-BB9C-471A-9A85-B80A0A16822B}.Release|Any CPU.ActiveCfg = Release|Any CPU
		{A6CB4B95-BB9C-471A-9A85-B80A0A16822B}.Release|Any CPU.Build.0 = Release|Any CPU
		{A6CB4B95-BB9C-471A-9A85-B80A0A16822B}.Release|x64.ActiveCfg = Release|Any CPU
		{A6CB4B95-BB9C-471A-9A85-B80A0A16822B}.Release|x64.Build.0 = Release|Any CPU
		{A6CB4B95-BB9C-471A-9A85-B80A0A16822B}.Release|x86.ActiveCfg = Release|Any CPU
		{A6CB4B95-BB9C-471A-9A85-B80A0A16822B}.Release|x86.Build.0 = Release|Any CPU
		{478341EC-6507-496E-8C3E-E163DBD7DE11}.Debug|Any CPU.ActiveCfg = Debug|Any CPU
		{478341EC-6507-496E-8C3E-E163DBD7DE11}.Debug|Any CPU.Build.0 = Debug|Any CPU
		{478341EC-6507-496E-8C3E-E163DBD7DE11}.Debug|x64.ActiveCfg = Debug|Any CPU
		{478341EC-6507-496E-8C3E-E163DBD7DE11}.Debug|x64.Build.0 = Debug|Any CPU
		{478341EC-6507-496E-8C3E-E163DBD7DE11}.Debug|x86.ActiveCfg = Debug|Any CPU
		{478341EC-6507-496E-8C3E-E163DBD7DE11}.Debug|x86.Build.0 = Debug|Any CPU
		{478341EC-6507-496E-8C3E-E163DBD7DE11}.Release|Any CPU.ActiveCfg = Release|Any CPU
		{478341EC-6507-496E-8C3E-E163DBD7DE11}.Release|Any CPU.Build.0 = Release|Any CPU
		{478341EC-6507-496E-8C3E-E163DBD7DE11}.Release|x64.ActiveCfg = Release|Any CPU
		{478341EC-6507-496E-8C3E-E163DBD7DE11}.Release|x64.Build.0 = Release|Any CPU
		{478341EC-6507-496E-8C3E-E163DBD7DE11}.Release|x86.ActiveCfg = Release|Any CPU
		{478341EC-6507-496E-8C3E-E163DBD7DE11}.Release|x86.Build.0 = Release|Any CPU
		{3A8AE3C7-FD62-45E2-8255-8C7011C2006C}.Debug|Any CPU.ActiveCfg = Debug|Any CPU
		{3A8AE3C7-FD62-45E2-8255-8C7011C2006C}.Debug|Any CPU.Build.0 = Debug|Any CPU
		{3A8AE3C7-FD62-45E2-8255-8C7011C2006C}.Debug|x64.ActiveCfg = Debug|Any CPU
		{3A8AE3C7-FD62-45E2-8255-8C7011C2006C}.Debug|x64.Build.0 = Debug|Any CPU
		{3A8AE3C7-FD62-45E2-8255-8C7011C2006C}.Debug|x86.ActiveCfg = Debug|Any CPU
		{3A8AE3C7-FD62-45E2-8255-8C7011C2006C}.Debug|x86.Build.0 = Debug|Any CPU
		{3A8AE3C7-FD62-45E2-8255-8C7011C2006C}.Release|Any CPU.ActiveCfg = Release|Any CPU
		{3A8AE3C7-FD62-45E2-8255-8C7011C2006C}.Release|Any CPU.Build.0 = Release|Any CPU
		{3A8AE3C7-FD62-45E2-8255-8C7011C2006C}.Release|x64.ActiveCfg = Release|Any CPU
		{3A8AE3C7-FD62-45E2-8255-8C7011C2006C}.Release|x64.Build.0 = Release|Any CPU
		{3A8AE3C7-FD62-45E2-8255-8C7011C2006C}.Release|x86.ActiveCfg = Release|Any CPU
		{3A8AE3C7-FD62-45E2-8255-8C7011C2006C}.Release|x86.Build.0 = Release|Any CPU
		{087B0B49-AEB4-4B08-816A-7DC8EB93437A}.Debug|Any CPU.ActiveCfg = Debug|Any CPU
		{087B0B49-AEB4-4B08-816A-7DC8EB93437A}.Debug|Any CPU.Build.0 = Debug|Any CPU
		{087B0B49-AEB4-4B08-816A-7DC8EB93437A}.Debug|x64.ActiveCfg = Debug|Any CPU
		{087B0B49-AEB4-4B08-816A-7DC8EB93437A}.Debug|x64.Build.0 = Debug|Any CPU
		{087B0B49-AEB4-4B08-816A-7DC8EB93437A}.Debug|x86.ActiveCfg = Debug|Any CPU
		{087B0B49-AEB4-4B08-816A-7DC8EB93437A}.Debug|x86.Build.0 = Debug|Any CPU
		{087B0B49-AEB4-4B08-816A-7DC8EB93437A}.Release|Any CPU.ActiveCfg = Release|Any CPU
		{087B0B49-AEB4-4B08-816A-7DC8EB93437A}.Release|Any CPU.Build.0 = Release|Any CPU
		{087B0B49-AEB4-4B08-816A-7DC8EB93437A}.Release|x64.ActiveCfg = Release|Any CPU
		{087B0B49-AEB4-4B08-816A-7DC8EB93437A}.Release|x64.Build.0 = Release|Any CPU
		{087B0B49-AEB4-4B08-816A-7DC8EB93437A}.Release|x86.ActiveCfg = Release|Any CPU
		{087B0B49-AEB4-4B08-816A-7DC8EB93437A}.Release|x86.Build.0 = Release|Any CPU
		{E0A527EF-5B58-40FB-83A2-B1C7962ECA58}.Debug|Any CPU.ActiveCfg = Debug|Any CPU
		{E0A527EF-5B58-40FB-83A2-B1C7962ECA58}.Debug|Any CPU.Build.0 = Debug|Any CPU
		{E0A527EF-5B58-40FB-83A2-B1C7962ECA58}.Debug|x64.ActiveCfg = Debug|Any CPU
		{E0A527EF-5B58-40FB-83A2-B1C7962ECA58}.Debug|x64.Build.0 = Debug|Any CPU
		{E0A527EF-5B58-40FB-83A2-B1C7962ECA58}.Debug|x86.ActiveCfg = Debug|Any CPU
		{E0A527EF-5B58-40FB-83A2-B1C7962ECA58}.Debug|x86.Build.0 = Debug|Any CPU
		{E0A527EF-5B58-40FB-83A2-B1C7962ECA58}.Release|Any CPU.ActiveCfg = Release|Any CPU
		{E0A527EF-5B58-40FB-83A2-B1C7962ECA58}.Release|Any CPU.Build.0 = Release|Any CPU
		{E0A527EF-5B58-40FB-83A2-B1C7962ECA58}.Release|x64.ActiveCfg = Release|Any CPU
		{E0A527EF-5B58-40FB-83A2-B1C7962ECA58}.Release|x64.Build.0 = Release|Any CPU
		{E0A527EF-5B58-40FB-83A2-B1C7962ECA58}.Release|x86.ActiveCfg = Release|Any CPU
		{E0A527EF-5B58-40FB-83A2-B1C7962ECA58}.Release|x86.Build.0 = Release|Any CPU
		{4D66A9AB-CECE-4CDA-A451-B6A04F46C62A}.Debug|Any CPU.ActiveCfg = Debug|Any CPU
		{4D66A9AB-CECE-4CDA-A451-B6A04F46C62A}.Debug|Any CPU.Build.0 = Debug|Any CPU
		{4D66A9AB-CECE-4CDA-A451-B6A04F46C62A}.Debug|x64.ActiveCfg = Debug|Any CPU
		{4D66A9AB-CECE-4CDA-A451-B6A04F46C62A}.Debug|x64.Build.0 = Debug|Any CPU
		{4D66A9AB-CECE-4CDA-A451-B6A04F46C62A}.Debug|x86.ActiveCfg = Debug|Any CPU
		{4D66A9AB-CECE-4CDA-A451-B6A04F46C62A}.Debug|x86.Build.0 = Debug|Any CPU
		{4D66A9AB-CECE-4CDA-A451-B6A04F46C62A}.Release|Any CPU.ActiveCfg = Release|Any CPU
		{4D66A9AB-CECE-4CDA-A451-B6A04F46C62A}.Release|Any CPU.Build.0 = Release|Any CPU
		{4D66A9AB-CECE-4CDA-A451-B6A04F46C62A}.Release|x64.ActiveCfg = Release|Any CPU
		{4D66A9AB-CECE-4CDA-A451-B6A04F46C62A}.Release|x64.Build.0 = Release|Any CPU
		{4D66A9AB-CECE-4CDA-A451-B6A04F46C62A}.Release|x86.ActiveCfg = Release|Any CPU
		{4D66A9AB-CECE-4CDA-A451-B6A04F46C62A}.Release|x86.Build.0 = Release|Any CPU
		{F1EB3DF1-8CE7-4C61-9EB0-7B3495D46EA5}.Debug|Any CPU.ActiveCfg = Debug|Any CPU
		{F1EB3DF1-8CE7-4C61-9EB0-7B3495D46EA5}.Debug|Any CPU.Build.0 = Debug|Any CPU
		{F1EB3DF1-8CE7-4C61-9EB0-7B3495D46EA5}.Debug|x64.ActiveCfg = Debug|Any CPU
		{F1EB3DF1-8CE7-4C61-9EB0-7B3495D46EA5}.Debug|x64.Build.0 = Debug|Any CPU
		{F1EB3DF1-8CE7-4C61-9EB0-7B3495D46EA5}.Debug|x86.ActiveCfg = Debug|Any CPU
		{F1EB3DF1-8CE7-4C61-9EB0-7B3495D46EA5}.Debug|x86.Build.0 = Debug|Any CPU
		{F1EB3DF1-8CE7-4C61-9EB0-7B3495D46EA5}.Release|Any CPU.ActiveCfg = Release|Any CPU
		{F1EB3DF1-8CE7-4C61-9EB0-7B3495D46EA5}.Release|Any CPU.Build.0 = Release|Any CPU
		{F1EB3DF1-8CE7-4C61-9EB0-7B3495D46EA5}.Release|x64.ActiveCfg = Release|Any CPU
		{F1EB3DF1-8CE7-4C61-9EB0-7B3495D46EA5}.Release|x64.Build.0 = Release|Any CPU
		{F1EB3DF1-8CE7-4C61-9EB0-7B3495D46EA5}.Release|x86.ActiveCfg = Release|Any CPU
		{F1EB3DF1-8CE7-4C61-9EB0-7B3495D46EA5}.Release|x86.Build.0 = Release|Any CPU
		{191F7755-089A-4983-AFCC-2F313A6A7A14}.Debug|Any CPU.ActiveCfg = Debug|Any CPU
		{191F7755-089A-4983-AFCC-2F313A6A7A14}.Debug|Any CPU.Build.0 = Debug|Any CPU
		{191F7755-089A-4983-AFCC-2F313A6A7A14}.Debug|x64.ActiveCfg = Debug|Any CPU
		{191F7755-089A-4983-AFCC-2F313A6A7A14}.Debug|x64.Build.0 = Debug|Any CPU
		{191F7755-089A-4983-AFCC-2F313A6A7A14}.Debug|x86.ActiveCfg = Debug|Any CPU
		{191F7755-089A-4983-AFCC-2F313A6A7A14}.Debug|x86.Build.0 = Debug|Any CPU
		{191F7755-089A-4983-AFCC-2F313A6A7A14}.Release|Any CPU.ActiveCfg = Release|Any CPU
		{191F7755-089A-4983-AFCC-2F313A6A7A14}.Release|Any CPU.Build.0 = Release|Any CPU
		{191F7755-089A-4983-AFCC-2F313A6A7A14}.Release|x64.ActiveCfg = Release|Any CPU
		{191F7755-089A-4983-AFCC-2F313A6A7A14}.Release|x64.Build.0 = Release|Any CPU
		{191F7755-089A-4983-AFCC-2F313A6A7A14}.Release|x86.ActiveCfg = Release|Any CPU
		{191F7755-089A-4983-AFCC-2F313A6A7A14}.Release|x86.Build.0 = Release|Any CPU
		{A942D69D-29E2-469E-AD6C-DB39FC88FF04}.Debug|Any CPU.ActiveCfg = Debug|Any CPU
		{A942D69D-29E2-469E-AD6C-DB39FC88FF04}.Debug|Any CPU.Build.0 = Debug|Any CPU
		{A942D69D-29E2-469E-AD6C-DB39FC88FF04}.Debug|x64.ActiveCfg = Debug|Any CPU
		{A942D69D-29E2-469E-AD6C-DB39FC88FF04}.Debug|x64.Build.0 = Debug|Any CPU
		{A942D69D-29E2-469E-AD6C-DB39FC88FF04}.Debug|x86.ActiveCfg = Debug|Any CPU
		{A942D69D-29E2-469E-AD6C-DB39FC88FF04}.Debug|x86.Build.0 = Debug|Any CPU
		{A942D69D-29E2-469E-AD6C-DB39FC88FF04}.Release|Any CPU.ActiveCfg = Release|Any CPU
		{A942D69D-29E2-469E-AD6C-DB39FC88FF04}.Release|Any CPU.Build.0 = Release|Any CPU
		{A942D69D-29E2-469E-AD6C-DB39FC88FF04}.Release|x64.ActiveCfg = Release|Any CPU
		{A942D69D-29E2-469E-AD6C-DB39FC88FF04}.Release|x64.Build.0 = Release|Any CPU
		{A942D69D-29E2-469E-AD6C-DB39FC88FF04}.Release|x86.ActiveCfg = Release|Any CPU
		{A942D69D-29E2-469E-AD6C-DB39FC88FF04}.Release|x86.Build.0 = Release|Any CPU
		{50308AA9-EC45-4580-A4E3-B1FE36FF5459}.Debug|Any CPU.ActiveCfg = Debug|Any CPU
		{50308AA9-EC45-4580-A4E3-B1FE36FF5459}.Debug|Any CPU.Build.0 = Debug|Any CPU
		{50308AA9-EC45-4580-A4E3-B1FE36FF5459}.Debug|x64.ActiveCfg = Debug|Any CPU
		{50308AA9-EC45-4580-A4E3-B1FE36FF5459}.Debug|x64.Build.0 = Debug|Any CPU
		{50308AA9-EC45-4580-A4E3-B1FE36FF5459}.Debug|x86.ActiveCfg = Debug|Any CPU
		{50308AA9-EC45-4580-A4E3-B1FE36FF5459}.Debug|x86.Build.0 = Debug|Any CPU
		{50308AA9-EC45-4580-A4E3-B1FE36FF5459}.Release|Any CPU.ActiveCfg = Release|Any CPU
		{50308AA9-EC45-4580-A4E3-B1FE36FF5459}.Release|Any CPU.Build.0 = Release|Any CPU
		{50308AA9-EC45-4580-A4E3-B1FE36FF5459}.Release|x64.ActiveCfg = Release|Any CPU
		{50308AA9-EC45-4580-A4E3-B1FE36FF5459}.Release|x64.Build.0 = Release|Any CPU
		{50308AA9-EC45-4580-A4E3-B1FE36FF5459}.Release|x86.ActiveCfg = Release|Any CPU
		{50308AA9-EC45-4580-A4E3-B1FE36FF5459}.Release|x86.Build.0 = Release|Any CPU
		{2741CC27-488B-495B-8F3D-530594CE9BB7}.Debug|Any CPU.ActiveCfg = Debug|Any CPU
		{2741CC27-488B-495B-8F3D-530594CE9BB7}.Debug|Any CPU.Build.0 = Debug|Any CPU
		{2741CC27-488B-495B-8F3D-530594CE9BB7}.Debug|x64.ActiveCfg = Debug|Any CPU
		{2741CC27-488B-495B-8F3D-530594CE9BB7}.Debug|x64.Build.0 = Debug|Any CPU
		{2741CC27-488B-495B-8F3D-530594CE9BB7}.Debug|x86.ActiveCfg = Debug|Any CPU
		{2741CC27-488B-495B-8F3D-530594CE9BB7}.Debug|x86.Build.0 = Debug|Any CPU
		{2741CC27-488B-495B-8F3D-530594CE9BB7}.Release|Any CPU.ActiveCfg = Release|Any CPU
		{2741CC27-488B-495B-8F3D-530594CE9BB7}.Release|Any CPU.Build.0 = Release|Any CPU
		{2741CC27-488B-495B-8F3D-530594CE9BB7}.Release|x64.ActiveCfg = Release|Any CPU
		{2741CC27-488B-495B-8F3D-530594CE9BB7}.Release|x64.Build.0 = Release|Any CPU
		{2741CC27-488B-495B-8F3D-530594CE9BB7}.Release|x86.ActiveCfg = Release|Any CPU
		{2741CC27-488B-495B-8F3D-530594CE9BB7}.Release|x86.Build.0 = Release|Any CPU
		{57575ED4-E062-43D6-A12A-C987587DFCCA}.Debug|Any CPU.ActiveCfg = Debug|Any CPU
		{57575ED4-E062-43D6-A12A-C987587DFCCA}.Debug|Any CPU.Build.0 = Debug|Any CPU
		{57575ED4-E062-43D6-A12A-C987587DFCCA}.Debug|x64.ActiveCfg = Debug|Any CPU
		{57575ED4-E062-43D6-A12A-C987587DFCCA}.Debug|x64.Build.0 = Debug|Any CPU
		{57575ED4-E062-43D6-A12A-C987587DFCCA}.Debug|x86.ActiveCfg = Debug|Any CPU
		{57575ED4-E062-43D6-A12A-C987587DFCCA}.Debug|x86.Build.0 = Debug|Any CPU
		{57575ED4-E062-43D6-A12A-C987587DFCCA}.Release|Any CPU.ActiveCfg = Release|Any CPU
		{57575ED4-E062-43D6-A12A-C987587DFCCA}.Release|Any CPU.Build.0 = Release|Any CPU
		{57575ED4-E062-43D6-A12A-C987587DFCCA}.Release|x64.ActiveCfg = Release|Any CPU
		{57575ED4-E062-43D6-A12A-C987587DFCCA}.Release|x64.Build.0 = Release|Any CPU
		{57575ED4-E062-43D6-A12A-C987587DFCCA}.Release|x86.ActiveCfg = Release|Any CPU
		{57575ED4-E062-43D6-A12A-C987587DFCCA}.Release|x86.Build.0 = Release|Any CPU
		{DA0DE366-17F7-4BA4-B956-D7D1A3128794}.Debug|Any CPU.ActiveCfg = Debug|Any CPU
		{DA0DE366-17F7-4BA4-B956-D7D1A3128794}.Debug|Any CPU.Build.0 = Debug|Any CPU
		{DA0DE366-17F7-4BA4-B956-D7D1A3128794}.Debug|x64.ActiveCfg = Debug|Any CPU
		{DA0DE366-17F7-4BA4-B956-D7D1A3128794}.Debug|x64.Build.0 = Debug|Any CPU
		{DA0DE366-17F7-4BA4-B956-D7D1A3128794}.Debug|x86.ActiveCfg = Debug|Any CPU
		{DA0DE366-17F7-4BA4-B956-D7D1A3128794}.Debug|x86.Build.0 = Debug|Any CPU
		{DA0DE366-17F7-4BA4-B956-D7D1A3128794}.Release|Any CPU.ActiveCfg = Release|Any CPU
		{DA0DE366-17F7-4BA4-B956-D7D1A3128794}.Release|Any CPU.Build.0 = Release|Any CPU
		{DA0DE366-17F7-4BA4-B956-D7D1A3128794}.Release|x64.ActiveCfg = Release|Any CPU
		{DA0DE366-17F7-4BA4-B956-D7D1A3128794}.Release|x64.Build.0 = Release|Any CPU
		{DA0DE366-17F7-4BA4-B956-D7D1A3128794}.Release|x86.ActiveCfg = Release|Any CPU
		{DA0DE366-17F7-4BA4-B956-D7D1A3128794}.Release|x86.Build.0 = Release|Any CPU
	EndGlobalSection
	GlobalSection(SolutionProperties) = preSolution
		HideSolutionNode = FALSE
	EndGlobalSection
	GlobalSection(NestedProjects) = preSolution
		{BFF2DF6E-AA54-47C7-211F-79ACCBB4577C} = {827E0CD3-B72D-47B6-A68D-7590B98EB39B}
		{480D9DDF-8870-4EAC-84F9-CCA36BAB8C2A} = {BFF2DF6E-AA54-47C7-211F-79ACCBB4577C}
		{C2826DA2-F83B-4384-8FD6-6199740EC769} = {BFF2DF6E-AA54-47C7-211F-79ACCBB4577C}
		{D269EBCD-CE99-4ED9-AF06-FAFFE27E0229} = {BFF2DF6E-AA54-47C7-211F-79ACCBB4577C}
		{2ED157D0-EFD4-448A-AC3E-40DB64E177F3} = {BFF2DF6E-AA54-47C7-211F-79ACCBB4577C}
		{E6E9BA5A-81EF-4ADB-83F3-16F7E0663230} = {BFF2DF6E-AA54-47C7-211F-79ACCBB4577C}
		{A6CB4B95-BB9C-471A-9A85-B80A0A16822B} = {BFF2DF6E-AA54-47C7-211F-79ACCBB4577C}
		{478341EC-6507-496E-8C3E-E163DBD7DE11} = {BFF2DF6E-AA54-47C7-211F-79ACCBB4577C}
		{3A8AE3C7-FD62-45E2-8255-8C7011C2006C} = {BFF2DF6E-AA54-47C7-211F-79ACCBB4577C}
		{087B0B49-AEB4-4B08-816A-7DC8EB93437A} = {BFF2DF6E-AA54-47C7-211F-79ACCBB4577C}
		{E0A527EF-5B58-40FB-83A2-B1C7962ECA58} = {BFF2DF6E-AA54-47C7-211F-79ACCBB4577C}
		{4D66A9AB-CECE-4CDA-A451-B6A04F46C62A} = {BFF2DF6E-AA54-47C7-211F-79ACCBB4577C}
		{F1EB3DF1-8CE7-4C61-9EB0-7B3495D46EA5} = {BFF2DF6E-AA54-47C7-211F-79ACCBB4577C}
		{191F7755-089A-4983-AFCC-2F313A6A7A14} = {BFF2DF6E-AA54-47C7-211F-79ACCBB4577C}
		{A942D69D-29E2-469E-AD6C-DB39FC88FF04} = {BFF2DF6E-AA54-47C7-211F-79ACCBB4577C}
		{50308AA9-EC45-4580-A4E3-B1FE36FF5459} = {BFF2DF6E-AA54-47C7-211F-79ACCBB4577C}
		{2741CC27-488B-495B-8F3D-530594CE9BB7} = {BFF2DF6E-AA54-47C7-211F-79ACCBB4577C}
		{57575ED4-E062-43D6-A12A-C987587DFCCA} = {BFF2DF6E-AA54-47C7-211F-79ACCBB4577C}
		{DA0DE366-17F7-4BA4-B956-D7D1A3128794} = {BFF2DF6E-AA54-47C7-211F-79ACCBB4577C}
		{09108480-725A-3CF3-E626-E2F33F0A58E4} = {827E0CD3-B72D-47B6-A68D-7590B98EB39B}
	EndGlobalSection
EndGlobal
